
Microsoft Visual Studio Solution File, Format Version 12.00
# Visual Studio Version 18
VisualStudioVersion = 18.3.11310.294
MinimumVisualStudioVersion = 10.0.40219.1
Project("{FAE04EC0-301F-11D3-BF4B-00C04F79EFBC}") = "ChatManagement", "ChatManagement.csproj", "{0471921D-112C-4227-A208-FF430E02AF5A}"
EndProject
Project("{FAE04EC0-301F-11D3-BF4B-00C04F79EFBC}") = "Domain", "..\Domain\Domain.csproj", "{90F61421-D2B5-4818-A2A2-750B83A45C30}"
EndProject
Project("{FAE04EC0-301F-11D3-BF4B-00C04F79EFBC}") = "Service", "..\Business\Service.csproj", "{228299DB-FC03-439A-A3F2-037C1F0D559C}"
EndProject
Project("{FAE04EC0-301F-11D3-BF4B-00C04F79EFBC}") = "ChatManagement.WorkerService", "..\ChatManagement.WorkerService\ChatManagement.WorkerService.csproj", "{B81994C0-708D-4E4F-B27F-0B2BFA58AF78}"
EndProject
Project("{FAE04EC0-301F-11D3-BF4B-00C04F79EFBC}") = "TestProject", "..\TestProject\TestProject.csproj", "{24CA27BF-DEA3-4027-B53B-D9F78CB7A831}"
EndProject
Global
	GlobalSection(SolutionConfigurationPlatforms) = preSolution
		Debug|Any CPU = Debug|Any CPU
		Release|Any CPU = Release|Any CPU
	EndGlobalSection
	GlobalSection(ProjectConfigurationPlatforms) = postSolution
		{0471921D-112C-4227-A208-FF430E02AF5A}.Debug|Any CPU.ActiveCfg = Debug|Any CPU
		{0471921D-112C-4227-A208-FF430E02AF5A}.Debug|Any CPU.Build.0 = Debug|Any CPU
		{0471921D-112C-4227-A208-FF430E02AF5A}.Release|Any CPU.ActiveCfg = Release|Any CPU
		{0471921D-112C-4227-A208-FF430E02AF5A}.Release|Any CPU.Build.0 = Release|Any CPU
		{90F61421-D2B5-4818-A2A2-750B83A45C30}.Debug|Any CPU.ActiveCfg = Debug|Any CPU
		{90F61421-D2B5-4818-A2A2-750B83A45C30}.Debug|Any CPU.Build.0 = Debug|Any CPU
		{90F61421-D2B5-4818-A2A2-750B83A45C30}.Release|Any CPU.ActiveCfg = Release|Any CPU
		{90F61421-D2B5-4818-A2A2-750B83A45C30}.Release|Any CPU.Build.0 = Release|Any CPU
		{228299DB-FC03-439A-A3F2-037C1F0D559C}.Debug|Any CPU.ActiveCfg = Debug|Any CPU
		{228299DB-FC03-439A-A3F2-037C1F0D559C}.Debug|Any CPU.Build.0 = Debug|Any CPU
		{228299DB-FC03-439A-A3F2-037C1F0D559C}.Release|Any CPU.ActiveCfg = Release|Any CPU
		{228299DB-FC03-439A-A3F2-037C1F0D559C}.Release|Any CPU.Build.0 = Release|Any CPU
		{B81994C0-708D-4E4F-B27F-0B2BFA58AF78}.Debug|Any CPU.ActiveCfg = Debug|Any CPU
		{B81994C0-708D-4E4F-B27F-0B2BFA58AF78}.Debug|Any CPU.Build.0 = Debug|Any CPU
		{B81994C0-708D-4E4F-B27F-0B2BFA58AF78}.Release|Any CPU.ActiveCfg = Release|Any CPU
		{B81994C0-708D-4E4F-B27F-0B2BFA58AF78}.Release|Any CPU.Build.0 = Release|Any CPU
		{24CA27BF-DEA3-4027-B53B-D9F78CB7A831}.Debug|Any CPU.ActiveCfg = Debug|Any CPU
		{24CA27BF-DEA3-4027-B53B-D9F78CB7A831}.Debug|Any CPU.Build.0 = Debug|Any CPU
		{24CA27BF-DEA3-4027-B53B-D9F78CB7A831}.Release|Any CPU.ActiveCfg = Release|Any CPU
		{24CA27BF-DEA3-4027-B53B-D9F78CB7A831}.Release|Any CPU.Build.0 = Release|Any CPU
	EndGlobalSection
	GlobalSection(SolutionProperties) = preSolution
		HideSolutionNode = FALSE
	EndGlobalSection
	GlobalSection(ExtensibilityGlobals) = postSolution
		SolutionGuid = {7D914A04-0569-4EC2-B7AF-70FA6EF03A7D}
	EndGlobalSection
EndGlobal
